// !$*UTF8*$!
{
	archiveVersion = 1;
	classes = {
	};
	objectVersion = 48;
	objects = {

/* Begin PBXBuildFile section */
		005CDF501FC832EE005945BF /* AppDelegate.swift in Sources */ = {isa = PBXBuildFile; fileRef = 005CDF4F1FC832EE005945BF /* AppDelegate.swift */; };
		005CDF521FC832EE005945BF /* MainVC.swift in Sources */ = {isa = PBXBuildFile; fileRef = 005CDF511FC832EE005945BF /* MainVC.swift */; };
		005CDF551FC832EE005945BF /* Main.storyboard in Resources */ = {isa = PBXBuildFile; fileRef = 005CDF531FC832EE005945BF /* Main.storyboard */; };
		005CDF571FC832EE005945BF /* Assets.xcassets in Resources */ = {isa = PBXBuildFile; fileRef = 005CDF561FC832EE005945BF /* Assets.xcassets */; };
		005CDF5A1FC832EE005945BF /* LaunchScreen.storyboard in Resources */ = {isa = PBXBuildFile; fileRef = 005CDF581FC832EE005945BF /* LaunchScreen.storyboard */; };
		005CDF671FC837E2005945BF /* Constants.swift in Sources */ = {isa = PBXBuildFile; fileRef = 005CDF661FC837E2005945BF /* Constants.swift */; };
		005CDF691FC837FA005945BF /* APIDataService.swift in Sources */ = {isa = PBXBuildFile; fileRef = 005CDF681FC837FA005945BF /* APIDataService.swift */; };
		0087D03C1FC8A9E20091A5DF /* ResultsVC.swift in Sources */ = {isa = PBXBuildFile; fileRef = 0087D03B1FC8A9E20091A5DF /* ResultsVC.swift */; };
		19DF23434B6D4E9B9CEFEC3D /* Pods_FullContact.framework in Frameworks */ = {isa = PBXBuildFile; fileRef = AA9D49D64066DB86376FEE98 /* Pods_FullContact.framework */; };
/* End PBXBuildFile section */

/* Begin PBXFileReference section */
		005CDF4C1FC832EE005945BF /* FullContact.app */ = {isa = PBXFileReference; explicitFileType = wrapper.application; includeInIndex = 0; path = FullContact.app; sourceTree = BUILT_PRODUCTS_DIR; };
		005CDF4F1FC832EE005945BF /* AppDelegate.swift */ = {isa = PBXFileReference; lastKnownFileType = sourcecode.swift; path = AppDelegate.swift; sourceTree = "<group>"; };
		005CDF511FC832EE005945BF /* MainVC.swift */ = {isa = PBXFileReference; lastKnownFileType = sourcecode.swift; path = MainVC.swift; sourceTree = "<group>"; };
		005CDF541FC832EE005945BF /* Base */ = {isa = PBXFileReference; lastKnownFileType = file.storyboard; name = Base; path = Base.lproj/Main.storyboard; sourceTree = "<group>"; };
		005CDF561FC832EE005945BF /* Assets.xcassets */ = {isa = PBXFileReference; lastKnownFileType = folder.assetcatalog; path = Assets.xcassets; sourceTree = "<group>"; };
		005CDF591FC832EE005945BF /* Base */ = {isa = PBXFileReference; lastKnownFileType = file.storyboard; name = Base; path = Base.lproj/LaunchScreen.storyboard; sourceTree = "<group>"; };
		005CDF5B1FC832EE005945BF /* Info.plist */ = {isa = PBXFileReference; lastKnownFileType = text.plist.xml; path = Info.plist; sourceTree = "<group>"; };
		005CDF661FC837E2005945BF /* Constants.swift */ = {isa = PBXFileReference; lastKnownFileType = sourcecode.swift; path = Constants.swift; sourceTree = "<group>"; };
		005CDF681FC837FA005945BF /* APIDataService.swift */ = {isa = PBXFileReference; lastKnownFileType = sourcecode.swift; path = APIDataService.swift; sourceTree = "<group>"; };
		0087D03B1FC8A9E20091A5DF /* ResultsVC.swift */ = {isa = PBXFileReference; lastKnownFileType = sourcecode.swift; path = ResultsVC.swift; sourceTree = "<group>"; };
		AA9D49D64066DB86376FEE98 /* Pods_FullContact.framework */ = {isa = PBXFileReference; explicitFileType = wrapper.framework; includeInIndex = 0; path = Pods_FullContact.framework; sourceTree = BUILT_PRODUCTS_DIR; };
		ADFE7D877163EF97019B939D /* Pods-FullContact.debug.xcconfig */ = {isa = PBXFileReference; includeInIndex = 1; lastKnownFileType = text.xcconfig; name = "Pods-FullContact.debug.xcconfig"; path = "Pods/Target Support Files/Pods-FullContact/Pods-FullContact.debug.xcconfig"; sourceTree = "<group>"; };
		ECD70D35FBC7011E4D18BE15 /* Pods-FullContact.release.xcconfig */ = {isa = PBXFileReference; includeInIndex = 1; lastKnownFileType = text.xcconfig; name = "Pods-FullContact.release.xcconfig"; path = "Pods/Target Support Files/Pods-FullContact/Pods-FullContact.release.xcconfig"; sourceTree = "<group>"; };
/* End PBXFileReference section */

/* Begin PBXFrameworksBuildPhase section */
		005CDF491FC832EE005945BF /* Frameworks */ = {
			isa = PBXFrameworksBuildPhase;
			buildActionMask = 2147483647;
			files = (
				19DF23434B6D4E9B9CEFEC3D /* Pods_FullContact.framework in Frameworks */,
			);
			runOnlyForDeploymentPostprocessing = 0;
		};
/* End PBXFrameworksBuildPhase section */

/* Begin PBXGroup section */
		005CDF431FC832EE005945BF = {
			isa = PBXGroup;
			children = (
				005CDF4E1FC832EE005945BF /* FullContact */,
				005CDF4D1FC832EE005945BF /* Products */,
				711C7A8331102D7AE16F9D4D /* Pods */,
				96359782C7FC04C6D51869B3 /* Frameworks */,
			);
			sourceTree = "<group>";
		};
		005CDF4D1FC832EE005945BF /* Products */ = {
			isa = PBXGroup;
			children = (
				005CDF4C1FC832EE005945BF /* FullContact.app */,
			);
			name = Products;
			sourceTree = "<group>";
		};
		005CDF4E1FC832EE005945BF /* FullContact */ = {
			isa = PBXGroup;
			children = (
				005CDF651FC837CE005945BF /* Utilities */,
				005CDF641FC837C9005945BF /* Services */,
				005CDF631FC837C3005945BF /* Model */,
				005CDF621FC837BC005945BF /* View */,
				005CDF611FC837B5005945BF /* Controller */,
				005CDF4F1FC832EE005945BF /* AppDelegate.swift */,
				005CDF531FC832EE005945BF /* Main.storyboard */,
				005CDF561FC832EE005945BF /* Assets.xcassets */,
				005CDF581FC832EE005945BF /* LaunchScreen.storyboard */,
				005CDF5B1FC832EE005945BF /* Info.plist */,
			);
			path = FullContact;
			sourceTree = "<group>";
		};
		005CDF611FC837B5005945BF /* Controller */ = {
			isa = PBXGroup;
			children = (
				005CDF511FC832EE005945BF /* MainVC.swift */,
				0087D03B1FC8A9E20091A5DF /* ResultsVC.swift */,
			);
			path = Controller;
			sourceTree = "<group>";
		};
		005CDF621FC837BC005945BF /* View */ = {
			isa = PBXGroup;
			children = (
			);
			path = View;
			sourceTree = "<group>";
		};
		005CDF631FC837C3005945BF /* Model */ = {
			isa = PBXGroup;
			children = (
			);
			path = Model;
			sourceTree = "<group>";
		};
		005CDF641FC837C9005945BF /* Services */ = {
			isa = PBXGroup;
			children = (
				005CDF681FC837FA005945BF /* APIDataService.swift */,
			);
			path = Services;
			sourceTree = "<group>";
		};
		005CDF651FC837CE005945BF /* Utilities */ = {
			isa = PBXGroup;
			children = (
				005CDF661FC837E2005945BF /* Constants.swift */,
			);
			path = Utilities;
			sourceTree = "<group>";
		};
		711C7A8331102D7AE16F9D4D /* Pods */ = {
			isa = PBXGroup;
			children = (
				ADFE7D877163EF97019B939D /* Pods-FullContact.debug.xcconfig */,
				ECD70D35FBC7011E4D18BE15 /* Pods-FullContact.release.xcconfig */,
			);
			name = Pods;
			sourceTree = "<group>";
		};
		96359782C7FC04C6D51869B3 /* Frameworks */ = {
			isa = PBXGroup;
			children = (
				AA9D49D64066DB86376FEE98 /* Pods_FullContact.framework */,
			);
			name = Frameworks;
			sourceTree = "<group>";
		};
/* End PBXGroup section */

/* Begin PBXNativeTarget section */
		005CDF4B1FC832EE005945BF /* FullContact */ = {
			isa = PBXNativeTarget;
			buildConfigurationList = 005CDF5E1FC832EE005945BF /* Build configuration list for PBXNativeTarget "FullContact" */;
			buildPhases = (
				B29DB0E94F452C7875D68019 /* [CP] Check Pods Manifest.lock */,
				005CDF481FC832EE005945BF /* Sources */,
				005CDF491FC832EE005945BF /* Frameworks */,
				005CDF4A1FC832EE005945BF /* Resources */,
				4ED7B4FE2C86278B818CFAD1 /* [CP] Embed Pods Frameworks */,
				E8485EEC6CD0C40984282C0B /* [CP] Copy Pods Resources */,
			);
			buildRules = (
			);
			dependencies = (
			);
			name = FullContact;
			productName = FullContact;
			productReference = 005CDF4C1FC832EE005945BF /* FullContact.app */;
			productType = "com.apple.product-type.application";
		};
/* End PBXNativeTarget section */

/* Begin PBXProject section */
		005CDF441FC832EE005945BF /* Project object */ = {
			isa = PBXProject;
			attributes = {
				LastSwiftUpdateCheck = 0910;
				LastUpgradeCheck = 0910;
				ORGANIZATIONNAME = "Fiendish Corporation";
				TargetAttributes = {
					005CDF4B1FC832EE005945BF = {
						CreatedOnToolsVersion = 9.1;
						ProvisioningStyle = Automatic;
					};
				};
			};
			buildConfigurationList = 005CDF471FC832EE005945BF /* Build configuration list for PBXProject "FullContact" */;
			compatibilityVersion = "Xcode 8.0";
			developmentRegion = en;
			hasScannedForEncodings = 0;
			knownRegions = (
				en,
				Base,
			);
			mainGroup = 005CDF431FC832EE005945BF;
			productRefGroup = 005CDF4D1FC832EE005945BF /* Products */;
			projectDirPath = "";
			projectRoot = "";
			targets = (
				005CDF4B1FC832EE005945BF /* FullContact */,
			);
		};
/* End PBXProject section */

/* Begin PBXResourcesBuildPhase section */
		005CDF4A1FC832EE005945BF /* Resources */ = {
			isa = PBXResourcesBuildPhase;
			buildActionMask = 2147483647;
			files = (
				005CDF5A1FC832EE005945BF /* LaunchScreen.storyboard in Resources */,
				005CDF571FC832EE005945BF /* Assets.xcassets in Resources */,
				005CDF551FC832EE005945BF /* Main.storyboard in Resources */,
			);
			runOnlyForDeploymentPostprocessing = 0;
		};
/* End PBXResourcesBuildPhase section */

/* Begin PBXShellScriptBuildPhase section */
		4ED7B4FE2C86278B818CFAD1 /* [CP] Embed Pods Frameworks */ = {
			isa = PBXShellScriptBuildPhase;
			buildActionMask = 2147483647;
			files = (
			);
			inputPaths = (
				"${SRCROOT}/Pods/Target Support Files/Pods-FullContact/Pods-FullContact-frameworks.sh",
				"${BUILT_PRODUCTS_DIR}/Alamofire/Alamofire.framework",
				"${BUILT_PRODUCTS_DIR}/Kingfisher/Kingfisher.framework",
				"${BUILT_PRODUCTS_DIR}/SwiftyJSON/SwiftyJSON.framework",
			);
			name = "[CP] Embed Pods Frameworks";
			outputPaths = (
				"${TARGET_BUILD_DIR}/${FRAMEWORKS_FOLDER_PATH}/Alamofire.framework",
				"${TARGET_BUILD_DIR}/${FRAMEWORKS_FOLDER_PATH}/Kingfisher.framework",
				"${TARGET_BUILD_DIR}/${FRAMEWORKS_FOLDER_PATH}/SwiftyJSON.framework",
			);
			runOnlyForDeploymentPostprocessing = 0;
			shellPath = /bin/sh;
			shellScript = "\"${SRCROOT}/Pods/Target Support Files/Pods-FullContact/Pods-FullContact-frameworks.sh\"\n";
			showEnvVarsInLog = 0;
		};
		B29DB0E94F452C7875D68019 /* [CP] Check Pods Manifest.lock */ = {
			isa = PBXShellScriptBuildPhase;
			buildActionMask = 2147483647;
			files = (
			);
			inputPaths = (
				"${PODS_PODFILE_DIR_PATH}/Podfile.lock",
				"${PODS_ROOT}/Manifest.lock",
			);
			name = "[CP] Check Pods Manifest.lock";
			outputPaths = (
				"$(DERIVED_FILE_DIR)/Pods-FullContact-checkManifestLockResult.txt",
			);
			runOnlyForDeploymentPostprocessing = 0;
			shellPath = /bin/sh;
			shellScript = "diff \"${PODS_PODFILE_DIR_PATH}/Podfile.lock\" \"${PODS_ROOT}/Manifest.lock\" > /dev/null\nif [ $? != 0 ] ; then\n    # print error to STDERR\n    echo \"error: The sandbox is not in sync with the Podfile.lock. Run 'pod install' or update your CocoaPods installation.\" >&2\n    exit 1\nfi\n# This output is used by Xcode 'outputs' to avoid re-running this script phase.\necho \"SUCCESS\" > \"${SCRIPT_OUTPUT_FILE_0}\"\n";
			showEnvVarsInLog = 0;
		};
		E8485EEC6CD0C40984282C0B /* [CP] Copy Pods Resources */ = {
			isa = PBXShellScriptBuildPhase;
			buildActionMask = 2147483647;
			files = (
			);
			inputPaths = (
			);
			name = "[CP] Copy Pods Resources";
			outputPaths = (
			);
			runOnlyForDeploymentPostprocessing = 0;
			shellPath = /bin/sh;
			shellScript = "\"${SRCROOT}/Pods/Target Support Files/Pods-FullContact/Pods-FullContact-resources.sh\"\n";
			showEnvVarsInLog = 0;
		};
/* End PBXShellScriptBuildPhase section */

/* Begin PBXSourcesBuildPhase section */
		005CDF481FC832EE005945BF /* Sources */ = {
			isa = PBXSourcesBuildPhase;
			buildActionMask = 2147483647;
			files = (
				005CDF691FC837FA005945BF /* APIDataService.swift in Sources */,
				005CDF521FC832EE005945BF /* MainVC.swift in Sources */,
				005CDF501FC832EE005945BF /* AppDelegate.swift in Sources */,
				0087D03C1FC8A9E20091A5DF /* ResultsVC.swift in Sources */,
				005CDF671FC837E2005945BF /* Constants.swift in Sources */,
			);
			runOnlyForDeploymentPostprocessing = 0;
		};
/* End PBXSourcesBuildPhase section */

/* Begin PBXVariantGroup section */
		005CDF531FC832EE005945BF /* Main.storyboard */ = {
			isa = PBXVariantGroup;
			children = (
				005CDF541FC832EE005945BF /* Base */,
			);
			name = Main.storyboard;
			sourceTree = "<group>";
		};
		005CDF581FC832EE005945BF /* LaunchScreen.storyboard */ = {
			isa = PBXVariantGroup;
			children = (
				005CDF591FC832EE005945BF /* Base */,
			);
			name = LaunchScreen.storyboard;
			sourceTree = "<group>";
		};
/* End PBXVariantGroup section */

/* Begin XCBuildConfiguration section */
		005CDF5C1FC832EE005945BF /* Debug */ = {
			isa = XCBuildConfiguration;
			buildSettings = {
				ALWAYS_SEARCH_USER_PATHS = NO;
				CLANG_ANALYZER_NONNULL = YES;
				CLANG_ANALYZER_NUMBER_OBJECT_CONVERSION = YES_AGGRESSIVE;
				CLANG_CXX_LANGUAGE_STANDARD = "gnu++14";
				CLANG_CXX_LIBRARY = "libc++";
				CLANG_ENABLE_MODULES = YES;
				CLANG_ENABLE_OBJC_ARC = YES;
				CLANG_WARN_BLOCK_CAPTURE_AUTORELEASING = YES;
				CLANG_WARN_BOOL_CONVERSION = YES;
				CLANG_WARN_COMMA = YES;
				CLANG_WARN_CONSTANT_CONVERSION = YES;
				CLANG_WARN_DIRECT_OBJC_ISA_USAGE = YES_ERROR;
				CLANG_WARN_DOCUMENTATION_COMMENTS = YES;
				CLANG_WARN_EMPTY_BODY = YES;
				CLANG_WARN_ENUM_CONVERSION = YES;
				CLANG_WARN_INFINITE_RECURSION = YES;
				CLANG_WARN_INT_CONVERSION = YES;
				CLANG_WARN_NON_LITERAL_NULL_CONVERSION = YES;
				CLANG_WARN_OBJC_LITERAL_CONVERSION = YES;
				CLANG_WARN_OBJC_ROOT_CLASS = YES_ERROR;
				CLANG_WARN_RANGE_LOOP_ANALYSIS = YES;
				CLANG_WARN_STRICT_PROTOTYPES = YES;
				CLANG_WARN_SUSPICIOUS_MOVE = YES;
				CLANG_WARN_UNGUARDED_AVAILABILITY = YES_AGGRESSIVE;
				CLANG_WARN_UNREACHABLE_CODE = YES;
				CLANG_WARN__DUPLICATE_METHOD_MATCH = YES;
				CODE_SIGN_IDENTITY = "iPhone Developer";
				COPY_PHASE_STRIP = NO;
				DEBUG_INFORMATION_FORMAT = dwarf;
				ENABLE_STRICT_OBJC_MSGSEND = YES;
				ENABLE_TESTABILITY = YES;
				GCC_C_LANGUAGE_STANDARD = gnu11;
				GCC_DYNAMIC_NO_PIC = NO;
				GCC_NO_COMMON_BLOCKS = YES;
				GCC_OPTIMIZATION_LEVEL = 0;
				GCC_PREPROCESSOR_DEFINITIONS = (
					"DEBUG=1",
					"$(inherited)",
				);
				GCC_WARN_64_TO_32_BIT_CONVERSION = YES;
				GCC_WARN_ABOUT_RETURN_TYPE = YES_ERROR;
				GCC_WARN_UNDECLARED_SELECTOR = YES;
				GCC_WARN_UNINITIALIZED_AUTOS = YES_AGGRESSIVE;
				GCC_WARN_UNUSED_FUNCTION = YES;
				GCC_WARN_UNUSED_VARIABLE = YES;
				IPHONEOS_DEPLOYMENT_TARGET = 11.1;
				MTL_ENABLE_DEBUG_INFO = YES;
				ONLY_ACTIVE_ARCH = YES;
				SDKROOT = iphoneos;
				SWIFT_ACTIVE_COMPILATION_CONDITIONS = DEBUG;
				SWIFT_OPTIMIZATION_LEVEL = "-Onone";
			};
			name = Debug;
		};
		005CDF5D1FC832EE005945BF /* Release */ = {
			isa = XCBuildConfiguration;
			buildSettings = {
				ALWAYS_SEARCH_USER_PATHS = NO;
				CLANG_ANALYZER_NONNULL = YES;
				CLANG_ANALYZER_NUMBER_OBJECT_CONVERSION = YES_AGGRESSIVE;
				CLANG_CXX_LANGUAGE_STANDARD = "gnu++14";
				CLANG_CXX_LIBRARY = "libc++";
				CLANG_ENABLE_MODULES = YES;
				CLANG_ENABLE_OBJC_ARC = YES;
				CLANG_WARN_BLOCK_CAPTURE_AUTORELEASING = YES;
				CLANG_WARN_BOOL_CONVERSION = YES;
				CLANG_WARN_COMMA = YES;
				CLANG_WARN_CONSTANT_CONVERSION = YES;
				CLANG_WARN_DIRECT_OBJC_ISA_USAGE = YES_ERROR;
				CLANG_WARN_DOCUMENTATION_COMMENTS = YES;
				CLANG_WARN_EMPTY_BODY = YES;
				CLANG_WARN_ENUM_CONVERSION = YES;
				CLANG_WARN_INFINITE_RECURSION = YES;
				CLANG_WARN_INT_CONVERSION = YES;
				CLANG_WARN_NON_LITERAL_NULL_CONVERSION = YES;
				CLANG_WARN_OBJC_LITERAL_CONVERSION = YES;
				CLANG_WARN_OBJC_ROOT_CLASS = YES_ERROR;
				CLANG_WARN_RANGE_LOOP_ANALYSIS = YES;
				CLANG_WARN_STRICT_PROTOTYPES = YES;
				CLANG_WARN_SUSPICIOUS_MOVE = YES;
				CLANG_WARN_UNGUARDED_AVAILABILITY = YES_AGGRESSIVE;
				CLANG_WARN_UNREACHABLE_CODE = YES;
				CLANG_WARN__DUPLICATE_METHOD_MATCH = YES;
				CODE_SIGN_IDENTITY = "iPhone Developer";
				COPY_PHASE_STRIP = NO;
				DEBUG_INFORMATION_FORMAT = "dwarf-with-dsym";
				ENABLE_NS_ASSERTIONS = NO;
				ENABLE_STRICT_OBJC_MSGSEND = YES;
				GCC_C_LANGUAGE_STANDARD = gnu11;
				GCC_NO_COMMON_BLOCKS = YES;
				GCC_WARN_64_TO_32_BIT_CONVERSION = YES;
				GCC_WARN_ABOUT_RETURN_TYPE = YES_ERROR;
				GCC_WARN_UNDECLARED_SELECTOR = YES;
				GCC_WARN_UNINITIALIZED_AUTOS = YES_AGGRESSIVE;
				GCC_WARN_UNUSED_FUNCTION = YES;
				GCC_WARN_UNUSED_VARIABLE = YES;
				IPHONEOS_DEPLOYMENT_TARGET = 11.1;
				MTL_ENABLE_DEBUG_INFO = NO;
				SDKROOT = iphoneos;
				SWIFT_OPTIMIZATION_LEVEL = "-Owholemodule";
				VALIDATE_PRODUCT = YES;
			};
			name = Release;
		};
		005CDF5F1FC832EE005945BF /* Debug */ = {
			isa = XCBuildConfiguration;
			baseConfigurationReference = ADFE7D877163EF97019B939D /* Pods-FullContact.debug.xcconfig */;
			buildSettings = {
				ASSETCATALOG_COMPILER_APPICON_NAME = AppIcon;
				CODE_SIGN_STYLE = Automatic;
				DEVELOPMENT_TEAM = 9GNF787574;
				INFOPLIST_FILE = FullContact/Info.plist;
				LD_RUNPATH_SEARCH_PATHS = "$(inherited) @executable_path/Frameworks";
				PRODUCT_BUNDLE_IDENTIFIER = com.fiendishcorporation.FullContact;
				PRODUCT_NAME = "$(TARGET_NAME)";
				SWIFT_VERSION = 4.0;
				TARGETED_DEVICE_FAMILY = "1,2";
			};
			name = Debug;
		};
		005CDF601FC832EE005945BF /* Release */ = {
			isa = XCBuildConfiguration;
			baseConfigurationReference = ECD70D35FBC7011E4D18BE15 /* Pods-FullContact.release.xcconfig */;
			buildSettings = {
				ASSETCATALOG_COMPILER_APPICON_NAME = AppIcon;
				CODE_SIGN_STYLE = Automatic;
				DEVELOPMENT_TEAM = 9GNF787574;
				INFOPLIST_FILE = FullContact/Info.plist;
				LD_RUNPATH_SEARCH_PATHS = "$(inherited) @executable_path/Frameworks";
				PRODUCT_BUNDLE_IDENTIFIER = com.fiendishcorporation.FullContact;
				PRODUCT_NAME = "$(TARGET_NAME)";
				SWIFT_VERSION = 4.0;
				TARGETED_DEVICE_FAMILY = "1,2";
			};
			name = Release;
		};
/* End XCBuildConfiguration section */

/* Begin XCConfigurationList section */
		005CDF471FC832EE005945BF /* Build configuration list for PBXProject "FullContact" */ = {
			isa = XCConfigurationList;
			buildConfigurations = (
				005CDF5C1FC832EE005945BF /* Debug */,
				005CDF5D1FC832EE005945BF /* Release */,
			);
			defaultConfigurationIsVisible = 0;
			defaultConfigurationName = Release;
		};
		005CDF5E1FC832EE005945BF /* Build configuration list for PBXNativeTarget "FullContact" */ = {
			isa = XCConfigurationList;
			buildConfigurations = (
				005CDF5F1FC832EE005945BF /* Debug */,
				005CDF601FC832EE005945BF /* Release */,
			);
			defaultConfigurationIsVisible = 0;
			defaultConfigurationName = Release;
		};
/* End XCConfigurationList section */
	};
	rootObject = 005CDF441FC832EE005945BF /* Project object */;
}
